
Microsoft Visual Studio Solution File, Format Version 12.00
# Visual Studio Version 17
VisualStudioVersion = 17.8.34309.116
MinimumVisualStudioVersion = 10.0.40219.1
Project("{9A19103F-16F7-4668-BE54-9A1E7A4F7556}") = "MusicShop", "MusicShop\MusicShop.csproj", "{20BB2C37-53EF-4B0E-964A-B39D31A3631D}"
EndProject
Project("{9A19103F-16F7-4668-BE54-9A1E7A4F7556}") = "MusicShop.Services", "MusicShop.Services\MusicShop.Services.csproj", "{85011C28-DF79-40AC-8D68-92A27440F9EA}"
EndProject
Project("{9A19103F-16F7-4668-BE54-9A1E7A4F7556}") = "MusicShop.Model", "MusicShop.Model\MusicShop.Model.csproj", "{34F1E7B9-AB99-41C5-A4B5-1A5432DB09ED}"
EndProject
Project("{9A19103F-16F7-4668-BE54-9A1E7A4F7556}") = "RabbitMQ", "MQRabbit\RabbitMQ.csproj", "{D1048A32-2265-44C1-B277-960D949A0889}"
EndProject
Project("{2150E333-8FDC-42A3-9474-1A3956D46DE8}") = "Solution Items", "Solution Items", "{EBEAB393-F041-488A-B707-753E22F2EB71}"
	ProjectSection(SolutionItems) = preProject
		docker-compose.yml = docker-compose.yml
	EndProjectSection
EndProject
Global
	GlobalSection(SolutionConfigurationPlatforms) = preSolution
		Debug|Any CPU = Debug|Any CPU
		Release|Any CPU = Release|Any CPU
	EndGlobalSection
	GlobalSection(ProjectConfigurationPlatforms) = postSolution
		{20BB2C37-53EF-4B0E-964A-B39D31A3631D}.Debug|Any CPU.ActiveCfg = Debug|Any CPU
		{20BB2C37-53EF-4B0E-964A-B39D31A3631D}.Debug|Any CPU.Build.0 = Debug|Any CPU
		{20BB2C37-53EF-4B0E-964A-B39D31A3631D}.Release|Any CPU.ActiveCfg = Release|Any CPU
		{20BB2C37-53EF-4B0E-964A-B39D31A3631D}.Release|Any CPU.Build.0 = Release|Any CPU
		{85011C28-DF79-40AC-8D68-92A27440F9EA}.Debug|Any CPU.ActiveCfg = Debug|Any CPU
		{85011C28-DF79-40AC-8D68-92A27440F9EA}.Debug|Any CPU.Build.0 = Debug|Any CPU
		{85011C28-DF79-40AC-8D68-92A27440F9EA}.Release|Any CPU.ActiveCfg = Release|Any CPU
		{85011C28-DF79-40AC-8D68-92A27440F9EA}.Release|Any CPU.Build.0 = Release|Any CPU
		{34F1E7B9-AB99-41C5-A4B5-1A5432DB09ED}.Debug|Any CPU.ActiveCfg = Debug|Any CPU
		{34F1E7B9-AB99-41C5-A4B5-1A5432DB09ED}.Debug|Any CPU.Build.0 = Debug|Any CPU
		{34F1E7B9-AB99-41C5-A4B5-1A5432DB09ED}.Release|Any CPU.ActiveCfg = Release|Any CPU
		{34F1E7B9-AB99-41C5-A4B5-1A5432DB09ED}.Release|Any CPU.Build.0 = Release|Any CPU
		{D1048A32-2265-44C1-B277-960D949A0889}.Debug|Any CPU.ActiveCfg = Debug|Any CPU
		{D1048A32-2265-44C1-B277-960D949A0889}.Debug|Any CPU.Build.0 = Debug|Any CPU
		{D1048A32-2265-44C1-B277-960D949A0889}.Release|Any CPU.ActiveCfg = Release|Any CPU
		{D1048A32-2265-44C1-B277-960D949A0889}.Release|Any CPU.Build.0 = Release|Any CPU
	EndGlobalSection
	GlobalSection(SolutionProperties) = preSolution
		HideSolutionNode = FALSE
	EndGlobalSection
	GlobalSection(ExtensibilityGlobals) = postSolution
		SolutionGuid = {125B6601-EFE8-4EA6-A7A9-7B384E0E3BF6}
	EndGlobalSection
EndGlobal
